
Microsoft Visual Studio Solution File, Format Version 12.00
# Visual Studio 15
Project("{FAE04EC0-301F-11D3-BF4B-00C04F79EFBC}") = "Assembly-CSharp", "Assembly-CSharp.csproj", "{BC25588C-53C2-2758-DF5F-DA874C30614C}"
EndProject
Project("{FAE04EC0-301F-11D3-BF4B-00C04F79EFBC}") = "Assembly-CSharp-Editor", "Assembly-CSharp-Editor.csproj", "{FC4F173F-B955-6D57-29CE-E6DBDB74617C}"
EndProject
Global
	GlobalSection(SolutionConfigurationPlatforms) = preSolution
		Debug|Any CPU = Debug|Any CPU
		Release|Any CPU = Release|Any CPU
	EndGlobalSection
	GlobalSection(ProjectConfigurationPlatforms) = postSolution
		{BC25588C-53C2-2758-DF5F-DA874C30614C}.Debug|Any CPU.ActiveCfg = Debug|Any CPU
		{BC25588C-53C2-2758-DF5F-DA874C30614C}.Debug|Any CPU.Build.0 = Debug|Any CPU
		{BC25588C-53C2-2758-DF5F-DA874C30614C}.Release|Any CPU.ActiveCfg = Release|Any CPU
		{BC25588C-53C2-2758-DF5F-DA874C30614C}.Release|Any CPU.Build.0 = Release|Any CPU
		{FC4F173F-B955-6D57-29CE-E6DBDB74617C}.Debug|Any CPU.ActiveCfg = Debug|Any CPU
		{FC4F173F-B955-6D57-29CE-E6DBDB74617C}.Debug|Any CPU.Build.0 = Debug|Any CPU
		{FC4F173F-B955-6D57-29CE-E6DBDB74617C}.Release|Any CPU.ActiveCfg = Release|Any CPU
		{FC4F173F-B955-6D57-29CE-E6DBDB74617C}.Release|Any CPU.Build.0 = Release|Any CPU
	EndGlobalSection
	GlobalSection(SolutionProperties) = preSolution
		HideSolutionNode = FALSE
	EndGlobalSection
EndGlobal
